
Microsoft Visual Studio Solution File, Format Version 12.00
Project("{FAE04EC0-301F-11D3-BF4B-00C04F79EFBC}") = "Demo", "Samples\Demo\Demo.csproj", "{C3054E61-EEC1-405F-810C-3BCFA104B9BE}"
EndProject
Project("{FAE04EC0-301F-11D3-BF4B-00C04F79EFBC}") = "Fraljer.Anatta.Framework", "Fraljer.Anatta.Framework\Fraljer.Anatta.Framework.csproj", "{1F673564-4F9C-4E8C-8043-7E2CD29342DB}"
EndProject
Project("{FAE04EC0-301F-11D3-BF4B-00C04F79EFBC}") = "Demo.Resources", "Samples\Demo.Resources\Demo.Resources.csproj", "{023ECD34-0A7E-4842-A305-3A326E9B1AC7}"
EndProject
Global
	GlobalSection(SolutionConfigurationPlatforms) = preSolution
		Debug|Any CPU = Debug|Any CPU
		Release|Any CPU = Release|Any CPU
	EndGlobalSection
	GlobalSection(ProjectConfigurationPlatforms) = postSolution
		{C3054E61-EEC1-405F-810C-3BCFA104B9BE}.Debug|Any CPU.ActiveCfg = Debug|Any CPU
		{C3054E61-EEC1-405F-810C-3BCFA104B9BE}.Debug|Any CPU.Build.0 = Debug|Any CPU
		{C3054E61-EEC1-405F-810C-3BCFA104B9BE}.Release|Any CPU.ActiveCfg = Release|Any CPU
		{C3054E61-EEC1-405F-810C-3BCFA104B9BE}.Release|Any CPU.Build.0 = Release|Any CPU
		{1F673564-4F9C-4E8C-8043-7E2CD29342DB}.Debug|Any CPU.ActiveCfg = Debug|Any CPU
		{1F673564-4F9C-4E8C-8043-7E2CD29342DB}.Debug|Any CPU.Build.0 = Debug|Any CPU
		{1F673564-4F9C-4E8C-8043-7E2CD29342DB}.Release|Any CPU.ActiveCfg = Release|Any CPU
		{1F673564-4F9C-4E8C-8043-7E2CD29342DB}.Release|Any CPU.Build.0 = Release|Any CPU
		{023ECD34-0A7E-4842-A305-3A326E9B1AC7}.Debug|Any CPU.ActiveCfg = Debug|Any CPU
		{023ECD34-0A7E-4842-A305-3A326E9B1AC7}.Debug|Any CPU.Build.0 = Debug|Any CPU
		{023ECD34-0A7E-4842-A305-3A326E9B1AC7}.Release|Any CPU.ActiveCfg = Release|Any CPU
		{023ECD34-0A7E-4842-A305-3A326E9B1AC7}.Release|Any CPU.Build.0 = Release|Any CPU
	EndGlobalSection
EndGlobal
